// !$*UTF8*$!
{
	archiveVersion = 1;
	classes = {
	};
	objectVersion = 50;
	objects = {

/* Begin PBXBuildFile section */
		5C8D904B20ED234900B78B41 /* AppDelegate.swift in Sources */ = {isa = PBXBuildFile; fileRef = 5C8D904A20ED234900B78B41 /* AppDelegate.swift */; };
		5C8D904D20ED234900B78B41 /* ViewController.swift in Sources */ = {isa = PBXBuildFile; fileRef = 5C8D904C20ED234900B78B41 /* ViewController.swift */; };
		5C8D905020ED234900B78B41 /* Main.storyboard in Resources */ = {isa = PBXBuildFile; fileRef = 5C8D904E20ED234900B78B41 /* Main.storyboard */; };
		5C8D905320ED234900B78B41 /* Velometer.xcdatamodeld in Sources */ = {isa = PBXBuildFile; fileRef = 5C8D905120ED234900B78B41 /* Velometer.xcdatamodeld */; };
		5C8D905520ED234A00B78B41 /* Assets.xcassets in Resources */ = {isa = PBXBuildFile; fileRef = 5C8D905420ED234A00B78B41 /* Assets.xcassets */; };
		5C8D905820ED234A00B78B41 /* LaunchScreen.storyboard in Resources */ = {isa = PBXBuildFile; fileRef = 5C8D905620ED234A00B78B41 /* LaunchScreen.storyboard */; };
		5C8D906320ED234A00B78B41 /* VelometerTests.swift in Sources */ = {isa = PBXBuildFile; fileRef = 5C8D906220ED234A00B78B41 /* VelometerTests.swift */; };
		5C8D906E20ED234A00B78B41 /* VelometerUITests.swift in Sources */ = {isa = PBXBuildFile; fileRef = 5C8D906D20ED234A00B78B41 /* VelometerUITests.swift */; };
/* End PBXBuildFile section */

/* Begin PBXContainerItemProxy section */
		5C8D905F20ED234A00B78B41 /* PBXContainerItemProxy */ = {
			isa = PBXContainerItemProxy;
			containerPortal = 5C8D903F20ED234900B78B41 /* Project object */;
			proxyType = 1;
			remoteGlobalIDString = 5C8D904620ED234900B78B41;
			remoteInfo = Velometer;
		};
		5C8D906A20ED234A00B78B41 /* PBXContainerItemProxy */ = {
			isa = PBXContainerItemProxy;
			containerPortal = 5C8D903F20ED234900B78B41 /* Project object */;
			proxyType = 1;
			remoteGlobalIDString = 5C8D904620ED234900B78B41;
			remoteInfo = Velometer;
		};
/* End PBXContainerItemProxy section */

/* Begin PBXFileReference section */
		5C8D904720ED234900B78B41 /* Velometer.app */ = {isa = PBXFileReference; explicitFileType = wrapper.application; includeInIndex = 0; path = Velometer.app; sourceTree = BUILT_PRODUCTS_DIR; };
		5C8D904A20ED234900B78B41 /* AppDelegate.swift */ = {isa = PBXFileReference; lastKnownFileType = sourcecode.swift; path = AppDelegate.swift; sourceTree = "<group>"; };
		5C8D904C20ED234900B78B41 /* ViewController.swift */ = {isa = PBXFileReference; lastKnownFileType = sourcecode.swift; path = ViewController.swift; sourceTree = "<group>"; };
		5C8D904F20ED234900B78B41 /* Base */ = {isa = PBXFileReference; lastKnownFileType = file.storyboard; name = Base; path = Base.lproj/Main.storyboard; sourceTree = "<group>"; };
		5C8D905220ED234900B78B41 /* Velometer.xcdatamodel */ = {isa = PBXFileReference; lastKnownFileType = wrapper.xcdatamodel; path = Velometer.xcdatamodel; sourceTree = "<group>"; };
		5C8D905420ED234A00B78B41 /* Assets.xcassets */ = {isa = PBXFileReference; lastKnownFileType = folder.assetcatalog; path = Assets.xcassets; sourceTree = "<group>"; };
		5C8D905720ED234A00B78B41 /* Base */ = {isa = PBXFileReference; lastKnownFileType = file.storyboard; name = Base; path = Base.lproj/LaunchScreen.storyboard; sourceTree = "<group>"; };
		5C8D905920ED234A00B78B41 /* Info.plist */ = {isa = PBXFileReference; lastKnownFileType = text.plist.xml; path = Info.plist; sourceTree = "<group>"; };
		5C8D905E20ED234A00B78B41 /* VelometerTests.xctest */ = {isa = PBXFileReference; explicitFileType = wrapper.cfbundle; includeInIndex = 0; path = VelometerTests.xctest; sourceTree = BUILT_PRODUCTS_DIR; };
		5C8D906220ED234A00B78B41 /* VelometerTests.swift */ = {isa = PBXFileReference; lastKnownFileType = sourcecode.swift; path = VelometerTests.swift; sourceTree = "<group>"; };
		5C8D906420ED234A00B78B41 /* Info.plist */ = {isa = PBXFileReference; lastKnownFileType = text.plist.xml; path = Info.plist; sourceTree = "<group>"; };
		5C8D906920ED234A00B78B41 /* VelometerUITests.xctest */ = {isa = PBXFileReference; explicitFileType = wrapper.cfbundle; includeInIndex = 0; path = VelometerUITests.xctest; sourceTree = BUILT_PRODUCTS_DIR; };
		5C8D906D20ED234A00B78B41 /* VelometerUITests.swift */ = {isa = PBXFileReference; lastKnownFileType = sourcecode.swift; path = VelometerUITests.swift; sourceTree = "<group>"; };
		5C8D906F20ED234A00B78B41 /* Info.plist */ = {isa = PBXFileReference; lastKnownFileType = text.plist.xml; path = Info.plist; sourceTree = "<group>"; };
/* End PBXFileReference section */

/* Begin PBXFrameworksBuildPhase section */
		5C8D904420ED234900B78B41 /* Frameworks */ = {
			isa = PBXFrameworksBuildPhase;
			buildActionMask = 2147483647;
			files = (
			);
			runOnlyForDeploymentPostprocessing = 0;
		};
		5C8D905B20ED234A00B78B41 /* Frameworks */ = {
			isa = PBXFrameworksBuildPhase;
			buildActionMask = 2147483647;
			files = (
			);
			runOnlyForDeploymentPostprocessing = 0;
		};
		5C8D906620ED234A00B78B41 /* Frameworks */ = {
			isa = PBXFrameworksBuildPhase;
			buildActionMask = 2147483647;
			files = (
			);
			runOnlyForDeploymentPostprocessing = 0;
		};
/* End PBXFrameworksBuildPhase section */

/* Begin PBXGroup section */
		5C8D903E20ED234900B78B41 = {
			isa = PBXGroup;
			children = (
				5C8D904920ED234900B78B41 /* Velometer */,
				5C8D906120ED234A00B78B41 /* VelometerTests */,
				5C8D906C20ED234A00B78B41 /* VelometerUITests */,
				5C8D904820ED234900B78B41 /* Products */,
			);
			sourceTree = "<group>";
		};
		5C8D904820ED234900B78B41 /* Products */ = {
			isa = PBXGroup;
			children = (
				5C8D904720ED234900B78B41 /* Velometer.app */,
				5C8D905E20ED234A00B78B41 /* VelometerTests.xctest */,
				5C8D906920ED234A00B78B41 /* VelometerUITests.xctest */,
			);
			name = Products;
			sourceTree = "<group>";
		};
		5C8D904920ED234900B78B41 /* Velometer */ = {
			isa = PBXGroup;
			children = (
				5C8D904A20ED234900B78B41 /* AppDelegate.swift */,
				5C8D904C20ED234900B78B41 /* ViewController.swift */,
				5C8D904E20ED234900B78B41 /* Main.storyboard */,
				5C8D905420ED234A00B78B41 /* Assets.xcassets */,
				5C8D905620ED234A00B78B41 /* LaunchScreen.storyboard */,
				5C8D905920ED234A00B78B41 /* Info.plist */,
				5C8D905120ED234900B78B41 /* Velometer.xcdatamodeld */,
			);
			path = Velometer;
			sourceTree = "<group>";
		};
		5C8D906120ED234A00B78B41 /* VelometerTests */ = {
			isa = PBXGroup;
			children = (
				5C8D906220ED234A00B78B41 /* VelometerTests.swift */,
				5C8D906420ED234A00B78B41 /* Info.plist */,
			);
			path = VelometerTests;
			sourceTree = "<group>";
		};
		5C8D906C20ED234A00B78B41 /* VelometerUITests */ = {
			isa = PBXGroup;
			children = (
				5C8D906D20ED234A00B78B41 /* VelometerUITests.swift */,
				5C8D906F20ED234A00B78B41 /* Info.plist */,
			);
			path = VelometerUITests;
			sourceTree = "<group>";
		};
/* End PBXGroup section */

/* Begin PBXNativeTarget section */
		5C8D904620ED234900B78B41 /* Velometer */ = {
			isa = PBXNativeTarget;
			buildConfigurationList = 5C8D907220ED234A00B78B41 /* Build configuration list for PBXNativeTarget "Velometer" */;
			buildPhases = (
				5C8D904320ED234900B78B41 /* Sources */,
				5C8D904420ED234900B78B41 /* Frameworks */,
				5C8D904520ED234900B78B41 /* Resources */,
			);
			buildRules = (
			);
			dependencies = (
			);
			name = Velometer;
			productName = Velometer;
			productReference = 5C8D904720ED234900B78B41 /* Velometer.app */;
			productType = "com.apple.product-type.application";
		};
		5C8D905D20ED234A00B78B41 /* VelometerTests */ = {
			isa = PBXNativeTarget;
			buildConfigurationList = 5C8D907520ED234A00B78B41 /* Build configuration list for PBXNativeTarget "VelometerTests" */;
			buildPhases = (
				5C8D905A20ED234A00B78B41 /* Sources */,
				5C8D905B20ED234A00B78B41 /* Frameworks */,
				5C8D905C20ED234A00B78B41 /* Resources */,
			);
			buildRules = (
			);
			dependencies = (
				5C8D906020ED234A00B78B41 /* PBXTargetDependency */,
			);
			name = VelometerTests;
			productName = VelometerTests;
			productReference = 5C8D905E20ED234A00B78B41 /* VelometerTests.xctest */;
			productType = "com.apple.product-type.bundle.unit-test";
		};
		5C8D906820ED234A00B78B41 /* VelometerUITests */ = {
			isa = PBXNativeTarget;
			buildConfigurationList = 5C8D907820ED234A00B78B41 /* Build configuration list for PBXNativeTarget "VelometerUITests" */;
			buildPhases = (
				5C8D906520ED234A00B78B41 /* Sources */,
				5C8D906620ED234A00B78B41 /* Frameworks */,
				5C8D906720ED234A00B78B41 /* Resources */,
			);
			buildRules = (
			);
			dependencies = (
				5C8D906B20ED234A00B78B41 /* PBXTargetDependency */,
			);
			name = VelometerUITests;
			productName = VelometerUITests;
			productReference = 5C8D906920ED234A00B78B41 /* VelometerUITests.xctest */;
			productType = "com.apple.product-type.bundle.ui-testing";
		};
/* End PBXNativeTarget section */

/* Begin PBXProject section */
		5C8D903F20ED234900B78B41 /* Project object */ = {
			isa = PBXProject;
			attributes = {
				LastSwiftUpdateCheck = 0940;
				LastUpgradeCheck = 0940;
				ORGANIZATIONNAME = "William Archimede";
				TargetAttributes = {
					5C8D904620ED234900B78B41 = {
						CreatedOnToolsVersion = 9.4.1;
					};
					5C8D905D20ED234A00B78B41 = {
						CreatedOnToolsVersion = 9.4.1;
						TestTargetID = 5C8D904620ED234900B78B41;
					};
					5C8D906820ED234A00B78B41 = {
						CreatedOnToolsVersion = 9.4.1;
						TestTargetID = 5C8D904620ED234900B78B41;
					};
				};
			};
			buildConfigurationList = 5C8D904220ED234900B78B41 /* Build configuration list for PBXProject "Velometer" */;
			compatibilityVersion = "Xcode 9.3";
			developmentRegion = en;
			hasScannedForEncodings = 0;
			knownRegions = (
				en,
				Base,
			);
			mainGroup = 5C8D903E20ED234900B78B41;
			productRefGroup = 5C8D904820ED234900B78B41 /* Products */;
			projectDirPath = "";
			projectRoot = "";
			targets = (
				5C8D904620ED234900B78B41 /* Velometer */,
				5C8D905D20ED234A00B78B41 /* VelometerTests */,
				5C8D906820ED234A00B78B41 /* VelometerUITests */,
			);
		};
/* End PBXProject section */

/* Begin PBXResourcesBuildPhase section */
		5C8D904520ED234900B78B41 /* Resources */ = {
			isa = PBXResourcesBuildPhase;
			buildActionMask = 2147483647;
			files = (
				5C8D905820ED234A00B78B41 /* LaunchScreen.storyboard in Resources */,
				5C8D905520ED234A00B78B41 /* Assets.xcassets in Resources */,
				5C8D905020ED234900B78B41 /* Main.storyboard in Resources */,
			);
			runOnlyForDeploymentPostprocessing = 0;
		};
		5C8D905C20ED234A00B78B41 /* Resources */ = {
			isa = PBXResourcesBuildPhase;
			buildActionMask = 2147483647;
			files = (
			);
			runOnlyForDeploymentPostprocessing = 0;
		};
		5C8D906720ED234A00B78B41 /* Resources */ = {
			isa = PBXResourcesBuildPhase;
			buildActionMask = 2147483647;
			files = (
			);
			runOnlyForDeploymentPostprocessing = 0;
		};
/* End PBXResourcesBuildPhase section */

/* Begin PBXSourcesBuildPhase section */
		5C8D904320ED234900B78B41 /* Sources */ = {
			isa = PBXSourcesBuildPhase;
			buildActionMask = 2147483647;
			files = (
				5C8D905320ED234900B78B41 /* Velometer.xcdatamodeld in Sources */,
				5C8D904D20ED234900B78B41 /* ViewController.swift in Sources */,
				5C8D904B20ED234900B78B41 /* AppDelegate.swift in Sources */,
			);
			runOnlyForDeploymentPostprocessing = 0;
		};
		5C8D905A20ED234A00B78B41 /* Sources */ = {
			isa = PBXSourcesBuildPhase;
			buildActionMask = 2147483647;
			files = (
				5C8D906320ED234A00B78B41 /* VelometerTests.swift in Sources */,
			);
			runOnlyForDeploymentPostprocessing = 0;
		};
		5C8D906520ED234A00B78B41 /* Sources */ = {
			isa = PBXSourcesBuildPhase;
			buildActionMask = 2147483647;
			files = (
				5C8D906E20ED234A00B78B41 /* VelometerUITests.swift in Sources */,
			);
			runOnlyForDeploymentPostprocessing = 0;
		};
/* End PBXSourcesBuildPhase section */

/* Begin PBXTargetDependency section */
		5C8D906020ED234A00B78B41 /* PBXTargetDependency */ = {
			isa = PBXTargetDependency;
			target = 5C8D904620ED234900B78B41 /* Velometer */;
			targetProxy = 5C8D905F20ED234A00B78B41 /* PBXContainerItemProxy */;
		};
		5C8D906B20ED234A00B78B41 /* PBXTargetDependency */ = {
			isa = PBXTargetDependency;
			target = 5C8D904620ED234900B78B41 /* Velometer */;
			targetProxy = 5C8D906A20ED234A00B78B41 /* PBXContainerItemProxy */;
		};
/* End PBXTargetDependency section */

/* Begin PBXVariantGroup section */
		5C8D904E20ED234900B78B41 /* Main.storyboard */ = {
			isa = PBXVariantGroup;
			children = (
				5C8D904F20ED234900B78B41 /* Base */,
			);
			name = Main.storyboard;
			sourceTree = "<group>";
		};
		5C8D905620ED234A00B78B41 /* LaunchScreen.storyboard */ = {
			isa = PBXVariantGroup;
			children = (
				5C8D905720ED234A00B78B41 /* Base */,
			);
			name = LaunchScreen.storyboard;
			sourceTree = "<group>";
		};
/* End PBXVariantGroup section */

/* Begin XCBuildConfiguration section */
		5C8D907020ED234A00B78B41 /* Debug */ = {
			isa = XCBuildConfiguration;
			buildSettings = {
				ALWAYS_SEARCH_USER_PATHS = NO;
				CLANG_ANALYZER_NONNULL = YES;
				CLANG_ANALYZER_NUMBER_OBJECT_CONVERSION = YES_AGGRESSIVE;
				CLANG_CXX_LANGUAGE_STANDARD = "gnu++14";
				CLANG_CXX_LIBRARY = "libc++";
				CLANG_ENABLE_MODULES = YES;
				CLANG_ENABLE_OBJC_ARC = YES;
				CLANG_ENABLE_OBJC_WEAK = YES;
				CLANG_WARN_BLOCK_CAPTURE_AUTORELEASING = YES;
				CLANG_WARN_BOOL_CONVERSION = YES;
				CLANG_WARN_COMMA = YES;
				CLANG_WARN_CONSTANT_CONVERSION = YES;
				CLANG_WARN_DEPRECATED_OBJC_IMPLEMENTATIONS = YES;
				CLANG_WARN_DIRECT_OBJC_ISA_USAGE = YES_ERROR;
				CLANG_WARN_DOCUMENTATION_COMMENTS = YES;
				CLANG_WARN_EMPTY_BODY = YES;
				CLANG_WARN_ENUM_CONVERSION = YES;
				CLANG_WARN_INFINITE_RECURSION = YES;
				CLANG_WARN_INT_CONVERSION = YES;
				CLANG_WARN_NON_LITERAL_NULL_CONVERSION = YES;
				CLANG_WARN_OBJC_IMPLICIT_RETAIN_SELF = YES;
				CLANG_WARN_OBJC_LITERAL_CONVERSION = YES;
				CLANG_WARN_OBJC_ROOT_CLASS = YES_ERROR;
				CLANG_WARN_RANGE_LOOP_ANALYSIS = YES;
				CLANG_WARN_STRICT_PROTOTYPES = YES;
				CLANG_WARN_SUSPICIOUS_MOVE = YES;
				CLANG_WARN_UNGUARDED_AVAILABILITY = YES_AGGRESSIVE;
				CLANG_WARN_UNREACHABLE_CODE = YES;
				CLANG_WARN__DUPLICATE_METHOD_MATCH = YES;
				CODE_SIGN_IDENTITY = "iPhone Developer";
				COPY_PHASE_STRIP = NO;
				DEBUG_INFORMATION_FORMAT = dwarf;
				ENABLE_STRICT_OBJC_MSGSEND = YES;
				ENABLE_TESTABILITY = YES;
				GCC_C_LANGUAGE_STANDARD = gnu11;
				GCC_DYNAMIC_NO_PIC = NO;
				GCC_NO_COMMON_BLOCKS = YES;
				GCC_OPTIMIZATION_LEVEL = 0;
				GCC_PREPROCESSOR_DEFINITIONS = (
					"DEBUG=1",
					"$(inherited)",
				);
				GCC_WARN_64_TO_32_BIT_CONVERSION = YES;
				GCC_WARN_ABOUT_RETURN_TYPE = YES_ERROR;
				GCC_WARN_UNDECLARED_SELECTOR = YES;
				GCC_WARN_UNINITIALIZED_AUTOS = YES_AGGRESSIVE;
				GCC_WARN_UNUSED_FUNCTION = YES;
				GCC_WARN_UNUSED_VARIABLE = YES;
				IPHONEOS_DEPLOYMENT_TARGET = 11.4;
				MTL_ENABLE_DEBUG_INFO = YES;
				ONLY_ACTIVE_ARCH = YES;
				SDKROOT = iphoneos;
				SWIFT_ACTIVE_COMPILATION_CONDITIONS = DEBUG;
				SWIFT_OPTIMIZATION_LEVEL = "-Onone";
			};
			name = Debug;
		};
		5C8D907120ED234A00B78B41 /* Release */ = {
			isa = XCBuildConfiguration;
			buildSettings = {
				ALWAYS_SEARCH_USER_PATHS = NO;
				CLANG_ANALYZER_NONNULL = YES;
				CLANG_ANALYZER_NUMBER_OBJECT_CONVERSION = YES_AGGRESSIVE;
				CLANG_CXX_LANGUAGE_STANDARD = "gnu++14";
				CLANG_CXX_LIBRARY = "libc++";
				CLANG_ENABLE_MODULES = YES;
				CLANG_ENABLE_OBJC_ARC = YES;
				CLANG_ENABLE_OBJC_WEAK = YES;
				CLANG_WARN_BLOCK_CAPTURE_AUTORELEASING = YES;
				CLANG_WARN_BOOL_CONVERSION = YES;
				CLANG_WARN_COMMA = YES;
				CLANG_WARN_CONSTANT_CONVERSION = YES;
				CLANG_WARN_DEPRECATED_OBJC_IMPLEMENTATIONS = YES;
				CLANG_WARN_DIRECT_OBJC_ISA_USAGE = YES_ERROR;
				CLANG_WARN_DOCUMENTATION_COMMENTS = YES;
				CLANG_WARN_EMPTY_BODY = YES;
				CLANG_WARN_ENUM_CONVERSION = YES;
				CLANG_WARN_INFINITE_RECURSION = YES;
				CLANG_WARN_INT_CONVERSION = YES;
				CLANG_WARN_NON_LITERAL_NULL_CONVERSION = YES;
				CLANG_WARN_OBJC_IMPLICIT_RETAIN_SELF = YES;
				CLANG_WARN_OBJC_LITERAL_CONVERSION = YES;
				CLANG_WARN_OBJC_ROOT_CLASS = YES_ERROR;
				CLANG_WARN_RANGE_LOOP_ANALYSIS = YES;
				CLANG_WARN_STRICT_PROTOTYPES = YES;
				CLANG_WARN_SUSPICIOUS_MOVE = YES;
				CLANG_WARN_UNGUARDED_AVAILABILITY = YES_AGGRESSIVE;
				CLANG_WARN_UNREACHABLE_CODE = YES;
				CLANG_WARN__DUPLICATE_METHOD_MATCH = YES;
				CODE_SIGN_IDENTITY = "iPhone Developer";
				COPY_PHASE_STRIP = NO;
				DEBUG_INFORMATION_FORMAT = "dwarf-with-dsym";
				ENABLE_NS_ASSERTIONS = NO;
				ENABLE_STRICT_OBJC_MSGSEND = YES;
				GCC_C_LANGUAGE_STANDARD = gnu11;
				GCC_NO_COMMON_BLOCKS = YES;
				GCC_WARN_64_TO_32_BIT_CONVERSION = YES;
				GCC_WARN_ABOUT_RETURN_TYPE = YES_ERROR;
				GCC_WARN_UNDECLARED_SELECTOR = YES;
				GCC_WARN_UNINITIALIZED_AUTOS = YES_AGGRESSIVE;
				GCC_WARN_UNUSED_FUNCTION = YES;
				GCC_WARN_UNUSED_VARIABLE = YES;
				IPHONEOS_DEPLOYMENT_TARGET = 11.4;
				MTL_ENABLE_DEBUG_INFO = NO;
				SDKROOT = iphoneos;
				SWIFT_COMPILATION_MODE = wholemodule;
				SWIFT_OPTIMIZATION_LEVEL = "-O";
				VALIDATE_PRODUCT = YES;
			};
			name = Release;
		};
		5C8D907320ED234A00B78B41 /* Debug */ = {
			isa = XCBuildConfiguration;
			buildSettings = {
				ASSETCATALOG_COMPILER_APPICON_NAME = AppIcon;
				CODE_SIGN_STYLE = Automatic;
				DEVELOPMENT_TEAM = 49NQY3MAJ3;
				INFOPLIST_FILE = Velometer/Info.plist;
				LD_RUNPATH_SEARCH_PATHS = (
					"$(inherited)",
					"@executable_path/Frameworks",
				);
				PRODUCT_BUNDLE_IDENTIFIER = io.warchimede.Velometer;
				PRODUCT_NAME = "$(TARGET_NAME)";
				SWIFT_VERSION = 4.0;
				TARGETED_DEVICE_FAMILY = "1,2";
			};
			name = Debug;
		};
		5C8D907420ED234A00B78B41 /* Release */ = {
			isa = XCBuildConfiguration;
			buildSettings = {
				ASSETCATALOG_COMPILER_APPICON_NAME = AppIcon;
				CODE_SIGN_STYLE = Automatic;
				DEVELOPMENT_TEAM = 49NQY3MAJ3;
				INFOPLIST_FILE = Velometer/Info.plist;
				LD_RUNPATH_SEARCH_PATHS = (
					"$(inherited)",
					"@executable_path/Frameworks",
				);
				PRODUCT_BUNDLE_IDENTIFIER = io.warchimede.Velometer;
				PRODUCT_NAME = "$(TARGET_NAME)";
				SWIFT_VERSION = 4.0;
				TARGETED_DEVICE_FAMILY = "1,2";
			};
			name = Release;
		};
		5C8D907620ED234A00B78B41 /* Debug */ = {
			isa = XCBuildConfiguration;
			buildSettings = {
				ALWAYS_EMBED_SWIFT_STANDARD_LIBRARIES = YES;
				BUNDLE_LOADER = "$(TEST_HOST)";
				CODE_SIGN_STYLE = Automatic;
				DEVELOPMENT_TEAM = 49NQY3MAJ3;
				INFOPLIST_FILE = VelometerTests/Info.plist;
				LD_RUNPATH_SEARCH_PATHS = (
					"$(inherited)",
					"@executable_path/Frameworks",
					"@loader_path/Frameworks",
				);
				PRODUCT_BUNDLE_IDENTIFIER = io.warchimede.VelometerTests;
				PRODUCT_NAME = "$(TARGET_NAME)";
				SWIFT_VERSION = 4.0;
				TARGETED_DEVICE_FAMILY = "1,2";
				TEST_HOST = "$(BUILT_PRODUCTS_DIR)/Velometer.app/Velometer";
			};
			name = Debug;
		};
		5C8D907720ED234A00B78B41 /* Release */ = {
			isa = XCBuildConfiguration;
			buildSettings = {
				ALWAYS_EMBED_SWIFT_STANDARD_LIBRARIES = YES;
				BUNDLE_LOADER = "$(TEST_HOST)";
				CODE_SIGN_STYLE = Automatic;
				DEVELOPMENT_TEAM = 49NQY3MAJ3;
				INFOPLIST_FILE = VelometerTests/Info.plist;
				LD_RUNPATH_SEARCH_PATHS = (
					"$(inherited)",
					"@executable_path/Frameworks",
					"@loader_path/Frameworks",
				);
				PRODUCT_BUNDLE_IDENTIFIER = io.warchimede.VelometerTests;
				PRODUCT_NAME = "$(TARGET_NAME)";
				SWIFT_VERSION = 4.0;
				TARGETED_DEVICE_FAMILY = "1,2";
				TEST_HOST = "$(BUILT_PRODUCTS_DIR)/Velometer.app/Velometer";
			};
			name = Release;
		};
		5C8D907920ED234A00B78B41 /* Debug */ = {
			isa = XCBuildConfiguration;
			buildSettings = {
				ALWAYS_EMBED_SWIFT_STANDARD_LIBRARIES = YES;
				CODE_SIGN_STYLE = Automatic;
				DEVELOPMENT_TEAM = 49NQY3MAJ3;
				INFOPLIST_FILE = VelometerUITests/Info.plist;
				LD_RUNPATH_SEARCH_PATHS = (
					"$(inherited)",
					"@executable_path/Frameworks",
					"@loader_path/Frameworks",
				);
				PRODUCT_BUNDLE_IDENTIFIER = io.warchimede.VelometerUITests;
				PRODUCT_NAME = "$(TARGET_NAME)";
				SWIFT_VERSION = 4.0;
				TARGETED_DEVICE_FAMILY = "1,2";
				TEST_TARGET_NAME = Velometer;
			};
			name = Debug;
		};
		5C8D907A20ED234A00B78B41 /* Release */ = {
			isa = XCBuildConfiguration;
			buildSettings = {
				ALWAYS_EMBED_SWIFT_STANDARD_LIBRARIES = YES;
				CODE_SIGN_STYLE = Automatic;
				DEVELOPMENT_TEAM = 49NQY3MAJ3;
				INFOPLIST_FILE = VelometerUITests/Info.plist;
				LD_RUNPATH_SEARCH_PATHS = (
					"$(inherited)",
					"@executable_path/Frameworks",
					"@loader_path/Frameworks",
				);
				PRODUCT_BUNDLE_IDENTIFIER = io.warchimede.VelometerUITests;
				PRODUCT_NAME = "$(TARGET_NAME)";
				SWIFT_VERSION = 4.0;
				TARGETED_DEVICE_FAMILY = "1,2";
				TEST_TARGET_NAME = Velometer;
			};
			name = Release;
		};
/* End XCBuildConfiguration section */

/* Begin XCConfigurationList section */
		5C8D904220ED234900B78B41 /* Build configuration list for PBXProject "Velometer" */ = {
			isa = XCConfigurationList;
			buildConfigurations = (
				5C8D907020ED234A00B78B41 /* Debug */,
				5C8D907120ED234A00B78B41 /* Release */,
			);
			defaultConfigurationIsVisible = 0;
			defaultConfigurationName = Release;
		};
		5C8D907220ED234A00B78B41 /* Build configuration list for PBXNativeTarget "Velometer" */ = {
			isa = XCConfigurationList;
			buildConfigurations = (
				5C8D907320ED234A00B78B41 /* Debug */,
				5C8D907420ED234A00B78B41 /* Release */,
			);
			defaultConfigurationIsVisible = 0;
			defaultConfigurationName = Release;
		};
		5C8D907520ED234A00B78B41 /* Build configuration list for PBXNativeTarget "VelometerTests" */ = {
			isa = XCConfigurationList;
			buildConfigurations = (
				5C8D907620ED234A00B78B41 /* Debug */,
				5C8D907720ED234A00B78B41 /* Release */,
			);
			defaultConfigurationIsVisible = 0;
			defaultConfigurationName = Release;
		};
		5C8D907820ED234A00B78B41 /* Build configuration list for PBXNativeTarget "VelometerUITests" */ = {
			isa = XCConfigurationList;
			buildConfigurations = (
				5C8D907920ED234A00B78B41 /* Debug */,
				5C8D907A20ED234A00B78B41 /* Release */,
			);
			defaultConfigurationIsVisible = 0;
			defaultConfigurationName = Release;
		};
/* End XCConfigurationList section */

/* Begin XCVersionGroup section */
		5C8D905120ED234900B78B41 /* Velometer.xcdatamodeld */ = {
			isa = XCVersionGroup;
			children = (
				5C8D905220ED234900B78B41 /* Velometer.xcdatamodel */,
			);
			currentVersion = 5C8D905220ED234900B78B41 /* Velometer.xcdatamodel */;
			path = Velometer.xcdatamodeld;
			sourceTree = "<group>";
			versionGroupType = wrapper.xcdatamodel;
		};
/* End XCVersionGroup section */
	};
	rootObject = 5C8D903F20ED234900B78B41 /* Project object */;
}
